
Microsoft Visual Studio Solution File, Format Version 12.00
# Visual Studio 14
VisualStudioVersion = 14.0.25420.1
MinimumVisualStudioVersion = 10.0.40219.1
Project("{FAE04EC0-301F-11D3-BF4B-00C04F79EFBC}") = "Exercism Windows Installer", "Exercism Windows Installer.csproj", "{348E4BA2-A0B4-40A0-90E6-8CC3ADC3B279}"
EndProject
Global
	GlobalSection(SolutionConfigurationPlatforms) = preSolution
		Debug|x64 = Debug|x64
		Debug|x86 = Debug|x86
		Release|x64 = Release|x64
		Release|x86 = Release|x86
	EndGlobalSection
	GlobalSection(ProjectConfigurationPlatforms) = postSolution
		{348E4BA2-A0B4-40A0-90E6-8CC3ADC3B279}.Debug|x64.ActiveCfg = Release|x86
		{348E4BA2-A0B4-40A0-90E6-8CC3ADC3B279}.Debug|x64.Build.0 = Release|x86
		{348E4BA2-A0B4-40A0-90E6-8CC3ADC3B279}.Debug|x86.ActiveCfg = Release|x86
		{348E4BA2-A0B4-40A0-90E6-8CC3ADC3B279}.Debug|x86.Build.0 = Release|x86
		{348E4BA2-A0B4-40A0-90E6-8CC3ADC3B279}.Release|x64.ActiveCfg = Release|x64
		{348E4BA2-A0B4-40A0-90E6-8CC3ADC3B279}.Release|x64.Build.0 = Release|x64
		{348E4BA2-A0B4-40A0-90E6-8CC3ADC3B279}.Release|x86.ActiveCfg = Release|x86
		{348E4BA2-A0B4-40A0-90E6-8CC3ADC3B279}.Release|x86.Build.0 = Release|x86
	EndGlobalSection
	GlobalSection(SolutionProperties) = preSolution
		HideSolutionNode = FALSE
	EndGlobalSection
EndGlobal
